
Microsoft Visual Studio Solution File, Format Version 12.00
# Visual Studio Version 17
VisualStudioVersion = 17.3.32929.385
MinimumVisualStudioVersion = 10.0.40219.1
Project("{FAE04EC0-301F-11D3-BF4B-00C04F79EFBC}") = "UserAuth", "UserAuth.csproj", "{7C4D4BFA-64EB-4325-A4B9-C8E710375CD4}"
EndProject
Global
	GlobalSection(SolutionConfigurationPlatforms) = preSolution
		Debug|Any CPU = Debug|Any CPU
		Release|Any CPU = Release|Any CPU
	EndGlobalSection
	GlobalSection(ProjectConfigurationPlatforms) = postSolution
		{7C4D4BFA-64EB-4325-A4B9-C8E710375CD4}.Debug|Any CPU.ActiveCfg = Debug|Any CPU
		{7C4D4BFA-64EB-4325-A4B9-C8E710375CD4}.Debug|Any CPU.Build.0 = Debug|Any CPU
		{7C4D4BFA-64EB-4325-A4B9-C8E710375CD4}.Release|Any CPU.ActiveCfg = Release|Any CPU
		{7C4D4BFA-64EB-4325-A4B9-C8E710375CD4}.Release|Any CPU.Build.0 = Release|Any CPU
	EndGlobalSection
	GlobalSection(SolutionProperties) = preSolution
		HideSolutionNode = FALSE
	EndGlobalSection
	GlobalSection(ExtensibilityGlobals) = postSolution
		SolutionGuid = {64827F89-4011-4688-BCAA-5EB0E2A5C04E}
	EndGlobalSection
EndGlobal
